github.com/gopherjs/gopherjs v1.17.2 h1:fQnZVsXk8uxXIStYb0N4bGk7jeyTalG/wsZjQ25dO0g=
github.com/ian-kent/envconf v0.0.0-20141026121121-c19809918c02 h1:dU8zq210pt1b71X8xh9GOxC7uBHNtQ9BYC+Lb6SA/mA=
github.com/ian-kent/envconf v0.0.0-20141026121121-c19809918c02/go.mod h1:1m5fo3aKG2moYtGHC4I2nFkXmG97+vCeaEIWC+mXTSI=
github.com/jtolds/gls v4.20.0+incompatible h1:xdiiI2gbIgH/gLH7ADydsJ1uDOEzR8yvV7C0MuV77Wo=
github.com/smartystreets/assertions v1.13.1 h1:Ef7KhSmjZcK6AVf9YbJdvPYG9avaF0ZxudX+ThRdWfU=
github.com/smartystreets/goconvey v1.8.0 h1:Oi49ha/2MURE0WexF052Z0m+BNSGirfjg5RL+JXWq3w=
github.com/smartystreets/goconvey v1.8.0/go.mod h1:EdX8jtrTIj26jmjCOVNMVSIYAtgexqXKHOXW2Dx9JLg=
github.com/vharitonsky/iniflags v0.0.0-20180513140207-a33cd0b5f3de h1:fkw+7JkxF3U1GzQoX9h69Wvtvxajo5Rbzy6+YMMzPIg=
github.com/vharitonsky/iniflags v0.0.0-20180513140207-a33cd0b5f3de/go.mod h1:irMhzlTz8+fVFj6CH2AN2i+WI5S6wWFtK3MBCIxIpyI=
